
Microsoft Visual Studio Solution File, Format Version 12.00
# Visual Studio Version 17
VisualStudioVersion = 17.6.33829.357
MinimumVisualStudioVersion = 10.0.40219.1
Project("{2150E333-8FDC-42A3-9474-1A3956D46DE8}") = "src", "src", "{972D549C-BF71-4515-86F8-ACA3305AD4BA}"
EndProject
Project("{2150E333-8FDC-42A3-9474-1A3956D46DE8}") = "Presentation", "Presentation", "{09C13A28-CFC7-4E6D-A5AB-01787B880DB5}"
EndProject
Project("{FAE04EC0-301F-11D3-BF4B-00C04F79EFBC}") = "SB.WebApi", "SB\src\Presentation\SB.WebApi\SB.WebApi.csproj", "{5119E357-26A2-4265-8976-FD280FAF9F1E}"
EndProject
Project("{2150E333-8FDC-42A3-9474-1A3956D46DE8}") = "Infrastructure", "Infrastructure", "{B952517E-D510-47C3-B2E7-E13F43DFE426}"
EndProject
Project("{FAE04EC0-301F-11D3-BF4B-00C04F79EFBC}") = "SB.Infrastructure", "SB\src\Infrastructure\SB.Infrastructure\SB.Infrastructure.csproj", "{DD297958-B284-486A-8811-4A2B586AF6DE}"
EndProject
Project("{FAE04EC0-301F-11D3-BF4B-00C04F79EFBC}") = "SB.Persistence", "SB\src\Infrastructure\SB.Persistence\SB.Persistence.csproj", "{41D0CF0D-BAC1-4D78-8466-CD9528C8CDD7}"
EndProject
Project("{2150E333-8FDC-42A3-9474-1A3956D46DE8}") = "Core", "Core", "{BFC0E93B-1774-4AC3-BED7-2334606BAEFF}"
EndProject
Project("{FAE04EC0-301F-11D3-BF4B-00C04F79EFBC}") = "SB.Domain", "SB\src\Core\SB.Domain\SB.Domain.csproj", "{3599D3AC-0282-4044-8096-89196BCAD1F7}"
EndProject
Project("{FAE04EC0-301F-11D3-BF4B-00C04F79EFBC}") = "SB.Application", "SB\src\Core\SB.Application\SB.Application.csproj", "{1CE099E7-D144-4729-9B9D-5CB8CD9D8087}"
EndProject
Project("{FAE04EC0-301F-11D3-BF4B-00C04F79EFBC}") = "LoggerService", "LoggerService\LoggerService.csproj", "{D0D0B982-A1A7-440E-B835-967CC53EB047}"
EndProject
Global
	GlobalSection(SolutionConfigurationPlatforms) = preSolution
		Debug|Any CPU = Debug|Any CPU
		Release|Any CPU = Release|Any CPU
	EndGlobalSection
	GlobalSection(ProjectConfigurationPlatforms) = postSolution
		{5119E357-26A2-4265-8976-FD280FAF9F1E}.Debug|Any CPU.ActiveCfg = Debug|Any CPU
		{5119E357-26A2-4265-8976-FD280FAF9F1E}.Debug|Any CPU.Build.0 = Debug|Any CPU
		{5119E357-26A2-4265-8976-FD280FAF9F1E}.Release|Any CPU.ActiveCfg = Release|Any CPU
		{5119E357-26A2-4265-8976-FD280FAF9F1E}.Release|Any CPU.Build.0 = Release|Any CPU
		{DD297958-B284-486A-8811-4A2B586AF6DE}.Debug|Any CPU.ActiveCfg = Debug|Any CPU
		{DD297958-B284-486A-8811-4A2B586AF6DE}.Debug|Any CPU.Build.0 = Debug|Any CPU
		{DD297958-B284-486A-8811-4A2B586AF6DE}.Release|Any CPU.ActiveCfg = Release|Any CPU
		{DD297958-B284-486A-8811-4A2B586AF6DE}.Release|Any CPU.Build.0 = Release|Any CPU
		{41D0CF0D-BAC1-4D78-8466-CD9528C8CDD7}.Debug|Any CPU.ActiveCfg = Debug|Any CPU
		{41D0CF0D-BAC1-4D78-8466-CD9528C8CDD7}.Debug|Any CPU.Build.0 = Debug|Any CPU
		{41D0CF0D-BAC1-4D78-8466-CD9528C8CDD7}.Release|Any CPU.ActiveCfg = Release|Any CPU
		{41D0CF0D-BAC1-4D78-8466-CD9528C8CDD7}.Release|Any CPU.Build.0 = Release|Any CPU
		{3599D3AC-0282-4044-8096-89196BCAD1F7}.Debug|Any CPU.ActiveCfg = Debug|Any CPU
		{3599D3AC-0282-4044-8096-89196BCAD1F7}.Debug|Any CPU.Build.0 = Debug|Any CPU
		{3599D3AC-0282-4044-8096-89196BCAD1F7}.Release|Any CPU.ActiveCfg = Release|Any CPU
		{3599D3AC-0282-4044-8096-89196BCAD1F7}.Release|Any CPU.Build.0 = Release|Any CPU
		{1CE099E7-D144-4729-9B9D-5CB8CD9D8087}.Debug|Any CPU.ActiveCfg = Debug|Any CPU
		{1CE099E7-D144-4729-9B9D-5CB8CD9D8087}.Debug|Any CPU.Build.0 = Debug|Any CPU
		{1CE099E7-D144-4729-9B9D-5CB8CD9D8087}.Release|Any CPU.ActiveCfg = Release|Any CPU
		{1CE099E7-D144-4729-9B9D-5CB8CD9D8087}.Release|Any CPU.Build.0 = Release|Any CPU
		{D0D0B982-A1A7-440E-B835-967CC53EB047}.Debug|Any CPU.ActiveCfg = Debug|Any CPU
		{D0D0B982-A1A7-440E-B835-967CC53EB047}.Debug|Any CPU.Build.0 = Debug|Any CPU
		{D0D0B982-A1A7-440E-B835-967CC53EB047}.Release|Any CPU.ActiveCfg = Release|Any CPU
		{D0D0B982-A1A7-440E-B835-967CC53EB047}.Release|Any CPU.Build.0 = Release|Any CPU
	EndGlobalSection
	GlobalSection(SolutionProperties) = preSolution
		HideSolutionNode = FALSE
	EndGlobalSection
	GlobalSection(NestedProjects) = preSolution
		{09C13A28-CFC7-4E6D-A5AB-01787B880DB5} = {972D549C-BF71-4515-86F8-ACA3305AD4BA}
		{5119E357-26A2-4265-8976-FD280FAF9F1E} = {09C13A28-CFC7-4E6D-A5AB-01787B880DB5}
		{B952517E-D510-47C3-B2E7-E13F43DFE426} = {972D549C-BF71-4515-86F8-ACA3305AD4BA}
		{DD297958-B284-486A-8811-4A2B586AF6DE} = {B952517E-D510-47C3-B2E7-E13F43DFE426}
		{41D0CF0D-BAC1-4D78-8466-CD9528C8CDD7} = {B952517E-D510-47C3-B2E7-E13F43DFE426}
		{BFC0E93B-1774-4AC3-BED7-2334606BAEFF} = {972D549C-BF71-4515-86F8-ACA3305AD4BA}
		{3599D3AC-0282-4044-8096-89196BCAD1F7} = {BFC0E93B-1774-4AC3-BED7-2334606BAEFF}
		{1CE099E7-D144-4729-9B9D-5CB8CD9D8087} = {BFC0E93B-1774-4AC3-BED7-2334606BAEFF}
		{D0D0B982-A1A7-440E-B835-967CC53EB047} = {BFC0E93B-1774-4AC3-BED7-2334606BAEFF}
	EndGlobalSection
	GlobalSection(ExtensibilityGlobals) = postSolution
		SolutionGuid = {1F33325D-1DD7-417E-A3BA-FDCECEBD8758}
	EndGlobalSection
EndGlobal
